// !$*UTF8*$!
{
	archiveVersion = 1;
	classes = {
	};
	objectVersion = 46;
	objects = {

/* Begin PBXBuildFile section */
		42AD2527191DD69C00587678 /* timer.cpp in Sources */ = {isa = PBXBuildFile; fileRef = 42AD2526191DD69C00587678 /* timer.cpp */; };
		42AD252A191DDBD600587678 /* animated_sprite.cpp in Sources */ = {isa = PBXBuildFile; fileRef = 42AD2529191DDBD600587678 /* animated_sprite.cpp */; };
		42E45858191AEB8000848DEA /* SDL2.framework in Frameworks */ = {isa = PBXBuildFile; fileRef = 42E45857191AEB8000848DEA /* SDL2.framework */; };
		42E45887191AED4C00848DEA /* ball.cpp in Sources */ = {isa = PBXBuildFile; fileRef = 42E45880191AED4C00848DEA /* ball.cpp */; };
		42E45888191AED4C00848DEA /* game.cpp in Sources */ = {isa = PBXBuildFile; fileRef = 42E45881191AED4C00848DEA /* game.cpp */; };
		42E45889191AED4C00848DEA /* graphics.cpp in Sources */ = {isa = PBXBuildFile; fileRef = 42E45882191AED4C00848DEA /* graphics.cpp */; };
		42E4588A191AED4C00848DEA /* input.cpp in Sources */ = {isa = PBXBuildFile; fileRef = 42E45883191AED4C00848DEA /* input.cpp */; };
		42E4588B191AED4C00848DEA /* map.cpp in Sources */ = {isa = PBXBuildFile; fileRef = 42E45884191AED4C00848DEA /* map.cpp */; };
		42E4588C191AED4C00848DEA /* paddle.cpp in Sources */ = {isa = PBXBuildFile; fileRef = 42E45885191AED4C00848DEA /* paddle.cpp */; };
		42E4588D191AED4C00848DEA /* sprite.cpp in Sources */ = {isa = PBXBuildFile; fileRef = 42E45886191AED4C00848DEA /* sprite.cpp */; };
		42E45897191AED6200848DEA /* main.cpp in Sources */ = {isa = PBXBuildFile; fileRef = 42E45896191AED6200848DEA /* main.cpp */; };
		42E458A8191AED6900848DEA /* background1.bmp in Resources */ = {isa = PBXBuildFile; fileRef = 42E4589A191AED6900848DEA /* background1.bmp */; };
		42E458A9191AED6900848DEA /* background10.bmp in Resources */ = {isa = PBXBuildFile; fileRef = 42E4589B191AED6900848DEA /* background10.bmp */; };
		42E458AA191AED6900848DEA /* background11.bmp in Resources */ = {isa = PBXBuildFile; fileRef = 42E4589C191AED6900848DEA /* background11.bmp */; };
		42E458AB191AED6900848DEA /* background12.bmp in Resources */ = {isa = PBXBuildFile; fileRef = 42E4589D191AED6900848DEA /* background12.bmp */; };
		42E458AC191AED6900848DEA /* background2.bmp in Resources */ = {isa = PBXBuildFile; fileRef = 42E4589E191AED6900848DEA /* background2.bmp */; };
		42E458AD191AED6900848DEA /* background3.bmp in Resources */ = {isa = PBXBuildFile; fileRef = 42E4589F191AED6900848DEA /* background3.bmp */; };
		42E458AE191AED6900848DEA /* background4.bmp in Resources */ = {isa = PBXBuildFile; fileRef = 42E458A0191AED6900848DEA /* background4.bmp */; };
		42E458AF191AED6900848DEA /* background5.bmp in Resources */ = {isa = PBXBuildFile; fileRef = 42E458A1191AED6900848DEA /* background5.bmp */; };
		42E458B0191AED6900848DEA /* background6.bmp in Resources */ = {isa = PBXBuildFile; fileRef = 42E458A2191AED6900848DEA /* background6.bmp */; };
		42E458B1191AED6900848DEA /* background7.bmp in Resources */ = {isa = PBXBuildFile; fileRef = 42E458A3191AED6900848DEA /* background7.bmp */; };
		42E458B2191AED6900848DEA /* background8.bmp in Resources */ = {isa = PBXBuildFile; fileRef = 42E458A4191AED6900848DEA /* background8.bmp */; };
		42E458B3191AED6900848DEA /* background9.bmp in Resources */ = {isa = PBXBuildFile; fileRef = 42E458A5191AED6900848DEA /* background9.bmp */; };
		42E458B4191AED6900848DEA /* BallPaddle.bmp in Resources */ = {isa = PBXBuildFile; fileRef = 42E458A6191AED6900848DEA /* BallPaddle.bmp */; };
		42E458B5191AED6900848DEA /* BallPaddle.png in Resources */ = {isa = PBXBuildFile; fileRef = 42E458A7191AED6900848DEA /* BallPaddle.png */; };
		42E458B8191C04D700848DEA /* score.cpp in Sources */ = {isa = PBXBuildFile; fileRef = 42E458B7191C04D700848DEA /* score.cpp */; };
/* End PBXBuildFile section */

/* Begin PBXCopyFilesBuildPhase section */
		42E45850191AEB8000848DEA /* CopyFiles */ = {
			isa = PBXCopyFilesBuildPhase;
			buildActionMask = 2147483647;
			dstSubfolderSpec = 10;
			files = (
			);
			runOnlyForDeploymentPostprocessing = 1;
		};
/* End PBXCopyFilesBuildPhase section */

/* Begin PBXFileReference section */
		42AD2525191DD63400587678 /* timer.h */ = {isa = PBXFileReference; lastKnownFileType = sourcecode.c.h; path = timer.h; sourceTree = "<group>"; };
		42AD2526191DD69C00587678 /* timer.cpp */ = {isa = PBXFileReference; fileEncoding = 4; lastKnownFileType = sourcecode.cpp.cpp; path = timer.cpp; sourceTree = "<group>"; };
		42AD2528191DDBCA00587678 /* animated_sprite.h */ = {isa = PBXFileReference; lastKnownFileType = sourcecode.c.h; path = animated_sprite.h; sourceTree = "<group>"; };
		42AD2529191DDBD600587678 /* animated_sprite.cpp */ = {isa = PBXFileReference; fileEncoding = 4; lastKnownFileType = sourcecode.cpp.cpp; path = animated_sprite.cpp; sourceTree = "<group>"; };
		42E45852191AEB8000848DEA /* Pong */ = {isa = PBXFileReference; explicitFileType = "compiled.mach-o.executable"; includeInIndex = 0; path = Pong; sourceTree = BUILT_PRODUCTS_DIR; };
		42E45857191AEB8000848DEA /* SDL2.framework */ = {isa = PBXFileReference; lastKnownFileType = wrapper.framework; name = SDL2.framework; path = Library/Frameworks/../../../../../../../../../Library/Frameworks/SDL2.framework; sourceTree = DEVELOPER_DIR; };
		42E45880191AED4C00848DEA /* ball.cpp */ = {isa = PBXFileReference; fileEncoding = 4; lastKnownFileType = sourcecode.cpp.cpp; path = ball.cpp; sourceTree = "<group>"; };
		42E45881191AED4C00848DEA /* game.cpp */ = {isa = PBXFileReference; fileEncoding = 4; lastKnownFileType = sourcecode.cpp.cpp; path = game.cpp; sourceTree = "<group>"; };
		42E45882191AED4C00848DEA /* graphics.cpp */ = {isa = PBXFileReference; fileEncoding = 4; indentWidth = 2; lastKnownFileType = sourcecode.cpp.cpp; path = graphics.cpp; sourceTree = "<group>"; tabWidth = 2; wrapsLines = 0; };
		42E45883191AED4C00848DEA /* input.cpp */ = {isa = PBXFileReference; fileEncoding = 4; lastKnownFileType = sourcecode.cpp.cpp; path = input.cpp; sourceTree = "<group>"; };
		42E45884191AED4C00848DEA /* map.cpp */ = {isa = PBXFileReference; fileEncoding = 4; lastKnownFileType = sourcecode.cpp.cpp; path = map.cpp; sourceTree = "<group>"; };
		42E45885191AED4C00848DEA /* paddle.cpp */ = {isa = PBXFileReference; fileEncoding = 4; indentWidth = 2; lastKnownFileType = sourcecode.cpp.cpp; path = paddle.cpp; sourceTree = "<group>"; tabWidth = 2; wrapsLines = 0; };
		42E45886191AED4C00848DEA /* sprite.cpp */ = {isa = PBXFileReference; fileEncoding = 4; lastKnownFileType = sourcecode.cpp.cpp; path = sprite.cpp; sourceTree = "<group>"; };
		42E4588E191AED5C00848DEA /* ball.h */ = {isa = PBXFileReference; fileEncoding = 4; lastKnownFileType = sourcecode.c.h; path = ball.h; sourceTree = "<group>"; };
		42E4588F191AED5C00848DEA /* game.h */ = {isa = PBXFileReference; fileEncoding = 4; indentWidth = 2; lastKnownFileType = sourcecode.c.h; path = game.h; sourceTree = "<group>"; tabWidth = 2; wrapsLines = 0; };
		42E45890191AED5C00848DEA /* graphics.h */ = {isa = PBXFileReference; fileEncoding = 4; lastKnownFileType = sourcecode.c.h; path = graphics.h; sourceTree = "<group>"; };
		42E45891191AED5C00848DEA /* input.h */ = {isa = PBXFileReference; fileEncoding = 4; lastKnownFileType = sourcecode.c.h; path = input.h; sourceTree = "<group>"; };
		42E45892191AED5C00848DEA /* map.h */ = {isa = PBXFileReference; fileEncoding = 4; lastKnownFileType = sourcecode.c.h; path = map.h; sourceTree = "<group>"; };
		42E45893191AED5C00848DEA /* paddle.h */ = {isa = PBXFileReference; fileEncoding = 4; lastKnownFileType = sourcecode.c.h; path = paddle.h; sourceTree = "<group>"; };
		42E45894191AED5C00848DEA /* rectangle.h */ = {isa = PBXFileReference; fileEncoding = 4; lastKnownFileType = sourcecode.c.h; path = rectangle.h; sourceTree = "<group>"; };
		42E45895191AED5C00848DEA /* sprite.h */ = {isa = PBXFileReference; fileEncoding = 4; lastKnownFileType = sourcecode.c.h; path = sprite.h; sourceTree = "<group>"; };
		42E45896191AED6200848DEA /* main.cpp */ = {isa = PBXFileReference; fileEncoding = 4; lastKnownFileType = sourcecode.cpp.cpp; path = main.cpp; sourceTree = "<group>"; };
		42E4589A191AED6900848DEA /* background1.bmp */ = {isa = PBXFileReference; lastKnownFileType = image.bmp; path = background1.bmp; sourceTree = "<group>"; };
		42E4589B191AED6900848DEA /* background10.bmp */ = {isa = PBXFileReference; lastKnownFileType = image.bmp; path = background10.bmp; sourceTree = "<group>"; };
		42E4589C191AED6900848DEA /* background11.bmp */ = {isa = PBXFileReference; lastKnownFileType = image.bmp; path = background11.bmp; sourceTree = "<group>"; };
		42E4589D191AED6900848DEA /* background12.bmp */ = {isa = PBXFileReference; lastKnownFileType = image.bmp; path = background12.bmp; sourceTree = "<group>"; };
		42E4589E191AED6900848DEA /* background2.bmp */ = {isa = PBXFileReference; lastKnownFileType = image.bmp; path = background2.bmp; sourceTree = "<group>"; };
		42E4589F191AED6900848DEA /* background3.bmp */ = {isa = PBXFileReference; lastKnownFileType = image.bmp; path = background3.bmp; sourceTree = "<group>"; };
		42E458A0191AED6900848DEA /* background4.bmp */ = {isa = PBXFileReference; lastKnownFileType = image.bmp; path = background4.bmp; sourceTree = "<group>"; };
		42E458A1191AED6900848DEA /* background5.bmp */ = {isa = PBXFileReference; lastKnownFileType = image.bmp; path = background5.bmp; sourceTree = "<group>"; };
		42E458A2191AED6900848DEA /* background6.bmp */ = {isa = PBXFileReference; lastKnownFileType = image.bmp; path = background6.bmp; sourceTree = "<group>"; };
		42E458A3191AED6900848DEA /* background7.bmp */ = {isa = PBXFileReference; lastKnownFileType = image.bmp; path = background7.bmp; sourceTree = "<group>"; };
		42E458A4191AED6900848DEA /* background8.bmp */ = {isa = PBXFileReference; lastKnownFileType = image.bmp; path = background8.bmp; sourceTree = "<group>"; };
		42E458A5191AED6900848DEA /* background9.bmp */ = {isa = PBXFileReference; lastKnownFileType = image.bmp; path = background9.bmp; sourceTree = "<group>"; };
		42E458A6191AED6900848DEA /* BallPaddle.bmp */ = {isa = PBXFileReference; lastKnownFileType = image.bmp; path = BallPaddle.bmp; sourceTree = "<group>"; };
		42E458A7191AED6900848DEA /* BallPaddle.png */ = {isa = PBXFileReference; lastKnownFileType = image.png; path = BallPaddle.png; sourceTree = "<group>"; };
		42E458B6191C040A00848DEA /* score.h */ = {isa = PBXFileReference; lastKnownFileType = sourcecode.c.h; path = score.h; sourceTree = "<group>"; };
		42E458B7191C04D700848DEA /* score.cpp */ = {isa = PBXFileReference; fileEncoding = 4; lastKnownFileType = sourcecode.cpp.cpp; path = score.cpp; sourceTree = "<group>"; };
/* End PBXFileReference section */

/* Begin PBXFrameworksBuildPhase section */
		42E4584E191AEB8000848DEA /* Frameworks */ = {
			isa = PBXFrameworksBuildPhase;
			buildActionMask = 2147483647;
			files = (
				42E45858191AEB8000848DEA /* SDL2.framework in Frameworks */,
			);
			runOnlyForDeploymentPostprocessing = 0;
		};
/* End PBXFrameworksBuildPhase section */

/* Begin PBXGroup section */
		42E45848191AEB8000848DEA = {
			isa = PBXGroup;
			children = (
				42E45859191AEB8000848DEA /* Pong */,
				42E45854191AEB8000848DEA /* Frameworks */,
				42E45853191AEB8000848DEA /* Products */,
			);
			sourceTree = "<group>";
		};
		42E45853191AEB8000848DEA /* Products */ = {
			isa = PBXGroup;
			children = (
				42E45852191AEB8000848DEA /* Pong */,
			);
			name = Products;
			sourceTree = "<group>";
		};
		42E45854191AEB8000848DEA /* Frameworks */ = {
			isa = PBXGroup;
			children = (
				42E45857191AEB8000848DEA /* SDL2.framework */,
			);
			name = Frameworks;
			sourceTree = "<group>";
		};
		42E45859191AEB8000848DEA /* Pong */ = {
			isa = PBXGroup;
			children = (
				42E45898191AED6900848DEA /* content */,
				42E45896191AED6200848DEA /* main.cpp */,
				42E4587F191AECBE00848DEA /* include */,
				42E4587E191AECB000848DEA /* src */,
			);
			path = Pong;
			sourceTree = "<group>";
		};
		42E4587E191AECB000848DEA /* src */ = {
			isa = PBXGroup;
			children = (
				42E45880191AED4C00848DEA /* ball.cpp */,
				42E45881191AED4C00848DEA /* game.cpp */,
				42E45882191AED4C00848DEA /* graphics.cpp */,
				42E45883191AED4C00848DEA /* input.cpp */,
				42E45884191AED4C00848DEA /* map.cpp */,
				42E45885191AED4C00848DEA /* paddle.cpp */,
				42E45886191AED4C00848DEA /* sprite.cpp */,
				42E458B7191C04D700848DEA /* score.cpp */,
				42AD2526191DD69C00587678 /* timer.cpp */,
				42AD2529191DDBD600587678 /* animated_sprite.cpp */,
			);
			name = src;
			sourceTree = "<group>";
		};
		42E4587F191AECBE00848DEA /* include */ = {
			isa = PBXGroup;
			children = (
				42E4588E191AED5C00848DEA /* ball.h */,
				42E4588F191AED5C00848DEA /* game.h */,
				42E45890191AED5C00848DEA /* graphics.h */,
				42E45891191AED5C00848DEA /* input.h */,
				42E45892191AED5C00848DEA /* map.h */,
				42E45893191AED5C00848DEA /* paddle.h */,
				42E45894191AED5C00848DEA /* rectangle.h */,
				42E45895191AED5C00848DEA /* sprite.h */,
				42E458B6191C040A00848DEA /* score.h */,
				42AD2525191DD63400587678 /* timer.h */,
				42AD2528191DDBCA00587678 /* animated_sprite.h */,
			);
			name = include;
			sourceTree = "<group>";
		};
		42E45898191AED6900848DEA /* content */ = {
			isa = PBXGroup;
			children = (
				42E45899191AED6900848DEA /* background */,
				42E458A6191AED6900848DEA /* BallPaddle.bmp */,
				42E458A7191AED6900848DEA /* BallPaddle.png */,
			);
			path = content;
			sourceTree = "<group>";
		};
		42E45899191AED6900848DEA /* background */ = {
			isa = PBXGroup;
			children = (
				42E4589A191AED6900848DEA /* background1.bmp */,
				42E4589B191AED6900848DEA /* background10.bmp */,
				42E4589C191AED6900848DEA /* background11.bmp */,
				42E4589D191AED6900848DEA /* background12.bmp */,
				42E4589E191AED6900848DEA /* background2.bmp */,
				42E4589F191AED6900848DEA /* background3.bmp */,
				42E458A0191AED6900848DEA /* background4.bmp */,
				42E458A1191AED6900848DEA /* background5.bmp */,
				42E458A2191AED6900848DEA /* background6.bmp */,
				42E458A3191AED6900848DEA /* background7.bmp */,
				42E458A4191AED6900848DEA /* background8.bmp */,
				42E458A5191AED6900848DEA /* background9.bmp */,
			);
			path = background;
			sourceTree = "<group>";
		};
/* End PBXGroup section */

/* Begin PBXNativeTarget section */
		42E45851191AEB8000848DEA /* Pong */ = {
			isa = PBXNativeTarget;
			buildConfigurationList = 42E45863191AEB8000848DEA /* Build configuration list for PBXNativeTarget "Pong" */;
			buildPhases = (
				42E4584D191AEB8000848DEA /* Sources */,
				42E4584E191AEB8000848DEA /* Frameworks */,
				42E4584F191AEB8000848DEA /* Resources */,
				42E45850191AEB8000848DEA /* CopyFiles */,
			);
			buildRules = (
			);
			dependencies = (
			);
			name = Pong;
			productName = Pong;
			productReference = 42E45852191AEB8000848DEA /* Pong */;
			productType = "com.apple.product-type.tool";
		};
/* End PBXNativeTarget section */

/* Begin PBXProject section */
		42E45849191AEB8000848DEA /* Project object */ = {
			isa = PBXProject;
			attributes = {
				LastUpgradeCheck = 0510;
			};
			buildConfigurationList = 42E4584C191AEB8000848DEA /* Build configuration list for PBXProject "Pong" */;
			compatibilityVersion = "Xcode 3.2";
			developmentRegion = English;
			hasScannedForEncodings = 0;
			knownRegions = (
				en,
			);
			mainGroup = 42E45848191AEB8000848DEA;
			productRefGroup = 42E45853191AEB8000848DEA /* Products */;
			projectDirPath = "";
			projectRoot = "";
			targets = (
				42E45851191AEB8000848DEA /* Pong */,
			);
		};
/* End PBXProject section */

/* Begin PBXResourcesBuildPhase section */
		42E4584F191AEB8000848DEA /* Resources */ = {
			isa = PBXResourcesBuildPhase;
			buildActionMask = 2147483647;
			files = (
				42E458AB191AED6900848DEA /* background12.bmp in Resources */,
				42E458B3191AED6900848DEA /* background9.bmp in Resources */,
				42E458B2191AED6900848DEA /* background8.bmp in Resources */,
				42E458B1191AED6900848DEA /* background7.bmp in Resources */,
				42E458B0191AED6900848DEA /* background6.bmp in Resources */,
				42E458B4191AED6900848DEA /* BallPaddle.bmp in Resources */,
				42E458AF191AED6900848DEA /* background5.bmp in Resources */,
				42E458AD191AED6900848DEA /* background3.bmp in Resources */,
				42E458AC191AED6900848DEA /* background2.bmp in Resources */,
				42E458A9191AED6900848DEA /* background10.bmp in Resources */,
				42E458B5191AED6900848DEA /* BallPaddle.png in Resources */,
				42E458AE191AED6900848DEA /* background4.bmp in Resources */,
				42E458A8191AED6900848DEA /* background1.bmp in Resources */,
				42E458AA191AED6900848DEA /* background11.bmp in Resources */,
			);
			runOnlyForDeploymentPostprocessing = 0;
		};
/* End PBXResourcesBuildPhase section */

/* Begin PBXSourcesBuildPhase section */
		42E4584D191AEB8000848DEA /* Sources */ = {
			isa = PBXSourcesBuildPhase;
			buildActionMask = 2147483647;
			files = (
				42E45887191AED4C00848DEA /* ball.cpp in Sources */,
				42AD2527191DD69C00587678 /* timer.cpp in Sources */,
				42E458B8191C04D700848DEA /* score.cpp in Sources */,
				42E4588C191AED4C00848DEA /* paddle.cpp in Sources */,
				42E45888191AED4C00848DEA /* game.cpp in Sources */,
				42E4588D191AED4C00848DEA /* sprite.cpp in Sources */,
				42E4588A191AED4C00848DEA /* input.cpp in Sources */,
				42E4588B191AED4C00848DEA /* map.cpp in Sources */,
				42E45897191AED6200848DEA /* main.cpp in Sources */,
				42E45889191AED4C00848DEA /* graphics.cpp in Sources */,
				42AD252A191DDBD600587678 /* animated_sprite.cpp in Sources */,
			);
			runOnlyForDeploymentPostprocessing = 0;
		};
/* End PBXSourcesBuildPhase section */

/* Begin XCBuildConfiguration section */
		42E45861191AEB8000848DEA /* Debug */ = {
			isa = XCBuildConfiguration;
			buildSettings = {
				ALWAYS_SEARCH_USER_PATHS = NO;
				CLANG_CXX_LANGUAGE_STANDARD = "gnu++0x";
				CLANG_CXX_LIBRARY = "libc++";
				CLANG_ENABLE_MODULES = YES;
				CLANG_ENABLE_OBJC_ARC = YES;
				CLANG_WARN_BOOL_CONVERSION = YES;
				CLANG_WARN_CONSTANT_CONVERSION = YES;
				CLANG_WARN_DIRECT_OBJC_ISA_USAGE = YES_ERROR;
				CLANG_WARN_EMPTY_BODY = YES;
				CLANG_WARN_ENUM_CONVERSION = YES;
				CLANG_WARN_INT_CONVERSION = YES;
				CLANG_WARN_OBJC_ROOT_CLASS = YES_ERROR;
				CLANG_WARN__DUPLICATE_METHOD_MATCH = YES;
				COPY_PHASE_STRIP = NO;
				GCC_C_LANGUAGE_STANDARD = gnu99;
				GCC_DYNAMIC_NO_PIC = NO;
				GCC_ENABLE_OBJC_EXCEPTIONS = YES;
				GCC_OPTIMIZATION_LEVEL = 0;
				GCC_PREPROCESSOR_DEFINITIONS = (
					"DEBUG=1",
					"$(inherited)",
				);
				GCC_SYMBOLS_PRIVATE_EXTERN = NO;
				GCC_WARN_64_TO_32_BIT_CONVERSION = YES;
				GCC_WARN_ABOUT_RETURN_TYPE = YES_ERROR;
				GCC_WARN_UNDECLARED_SELECTOR = YES;
				GCC_WARN_UNINITIALIZED_AUTOS = YES_AGGRESSIVE;
				GCC_WARN_UNUSED_FUNCTION = YES;
				GCC_WARN_UNUSED_VARIABLE = YES;
				MACOSX_DEPLOYMENT_TARGET = 10.9;
				ONLY_ACTIVE_ARCH = YES;
				SDKROOT = macosx;
			};
			name = Debug;
		};
		42E45862191AEB8000848DEA /* Release */ = {
			isa = XCBuildConfiguration;
			buildSettings = {
				ALWAYS_SEARCH_USER_PATHS = NO;
				CLANG_CXX_LANGUAGE_STANDARD = "gnu++0x";
				CLANG_CXX_LIBRARY = "libc++";
				CLANG_ENABLE_MODULES = YES;
				CLANG_ENABLE_OBJC_ARC = YES;
				CLANG_WARN_BOOL_CONVERSION = YES;
				CLANG_WARN_CONSTANT_CONVERSION = YES;
				CLANG_WARN_DIRECT_OBJC_ISA_USAGE = YES_ERROR;
				CLANG_WARN_EMPTY_BODY = YES;
				CLANG_WARN_ENUM_CONVERSION = YES;
				CLANG_WARN_INT_CONVERSION = YES;
				CLANG_WARN_OBJC_ROOT_CLASS = YES_ERROR;
				CLANG_WARN__DUPLICATE_METHOD_MATCH = YES;
				COPY_PHASE_STRIP = YES;
				DEBUG_INFORMATION_FORMAT = "dwarf-with-dsym";
				ENABLE_NS_ASSERTIONS = NO;
				GCC_C_LANGUAGE_STANDARD = gnu99;
				GCC_ENABLE_OBJC_EXCEPTIONS = YES;
				GCC_WARN_64_TO_32_BIT_CONVERSION = YES;
				GCC_WARN_ABOUT_RETURN_TYPE = YES_ERROR;
				GCC_WARN_UNDECLARED_SELECTOR = YES;
				GCC_WARN_UNINITIALIZED_AUTOS = YES_AGGRESSIVE;
				GCC_WARN_UNUSED_FUNCTION = YES;
				GCC_WARN_UNUSED_VARIABLE = YES;
				MACOSX_DEPLOYMENT_TARGET = 10.9;
				SDKROOT = macosx;
			};
			name = Release;
		};
		42E45864191AEB8000848DEA /* Debug */ = {
			isa = XCBuildConfiguration;
			buildSettings = {
				FRAMEWORK_SEARCH_PATHS = (
					/Library/Frameworks,
					"$(LOCAL_LIBRARY_DIR)/Frameworks",
				);
				HEADER_SEARCH_PATHS = (
					/usr/include,
					/usr/local/include,
				);
				LD_RUNPATH_SEARCH_PATHS = "@executable_path/../Frameworks";
				LIBRARY_SEARCH_PATHS = (
					/usr/lib,
					/usr/local/lib,
				);
				OTHER_LDFLAGS = "";
				PRODUCT_NAME = "$(TARGET_NAME)";
				USER_HEADER_SEARCH_PATHS = "";
			};
			name = Debug;
		};
		42E45865191AEB8000848DEA /* Release */ = {
			isa = XCBuildConfiguration;
			buildSettings = {
				FRAMEWORK_SEARCH_PATHS = (
					/Library/Frameworks,
					"$(LOCAL_LIBRARY_DIR)/Frameworks",
				);
				HEADER_SEARCH_PATHS = (
					/usr/include,
					/usr/local/include,
				);
				LD_RUNPATH_SEARCH_PATHS = "@executable_path/../Frameworks";
				LIBRARY_SEARCH_PATHS = (
					/usr/lib,
					/usr/local/lib,
				);
				OTHER_LDFLAGS = "";
				PRODUCT_NAME = "$(TARGET_NAME)";
				USER_HEADER_SEARCH_PATHS = "";
			};
			name = Release;
		};
/* End XCBuildConfiguration section */

/* Begin XCConfigurationList section */
		42E4584C191AEB8000848DEA /* Build configuration list for PBXProject "Pong" */ = {
			isa = XCConfigurationList;
			buildConfigurations = (
				42E45861191AEB8000848DEA /* Debug */,
				42E45862191AEB8000848DEA /* Release */,
			);
			defaultConfigurationIsVisible = 0;
			defaultConfigurationName = Release;
		};
		42E45863191AEB8000848DEA /* Build configuration list for PBXNativeTarget "Pong" */ = {
			isa = XCConfigurationList;
			buildConfigurations = (
				42E45864191AEB8000848DEA /* Debug */,
				42E45865191AEB8000848DEA /* Release */,
			);
			defaultConfigurationIsVisible = 0;
			defaultConfigurationName = Release;
		};
/* End XCConfigurationList section */
	};
	rootObject = 42E45849191AEB8000848DEA /* Project object */;
}
